# This file is automatically @generated by Cargo.
# It is not intended for manual editing.
version = 3

[[package]]
name = "aho-corasick"
version = "0.7.18"
source = "registry+https://github.com/rust-lang/crates.io-index"
checksum = "1e37cfd5e7657ada45f742d6e99ca5788580b5c529dc78faf11ece6dc702656f"
dependencies = [
 "memchr",
]

[[package]]
name = "docopt"
version = "1.1.0"
source = "registry+https://github.com/rust-lang/crates.io-index"
checksum = "7f525a586d310c87df72ebcd98009e57f1cc030c8c268305287a476beb653969"
dependencies = [
 "lazy_static",
 "regex",
 "serde",
 "strsim",
]

[[package]]
name = "lazy_static"
version = "1.4.0"
source = "registry+https://github.com/rust-lang/crates.io-index"
checksum = "e2abad23fbc42b3700f2f279844dc832adb2b2eb069b2df918f455c4e18cc646"

[[package]]
name = "ltd"
version = "0.1.0"
dependencies = [
 "docopt",
 "serde",
]

[[package]]
name = "memchr"
version = "2.5.0"
source = "registry+https://github.com/rust-lang/crates.io-index"
checksum = "2dffe52ecf27772e601905b7522cb4ef790d2cc203488bbd0e2fe85fcb74566d"

[[package]]
name = "proc-macro2"
version = "1.0.1"
source = "registry+https://github.com/rust-lang/crates.io-index"
checksum = "4c5c2380ae88876faae57698be9e9775e3544decad214599c3a6266cca6ac802"
dependencies = [
 "unicode-xid",
]

[[package]]
name = "quote"
version = "1.0.2"
source = "registry+https://github.com/rust-lang/crates.io-index"
checksum = "053a8c8bcc71fcce321828dc897a98ab9760bef03a4fc36693c231e5b3216cfe"
dependencies = [
 "proc-macro2",
]

[[package]]
name = "regex"
version = "1.5.6"
source = "registry+https://github.com/rust-lang/crates.io-index"
checksum = "d83f127d94bdbcda4c8cc2e50f6f84f4b611f69c902699ca385a39c3a75f9ff1"
dependencies = [
 "aho-corasick",
 "memchr",
 "regex-syntax",
]

[[package]]
name = "regex-syntax"
version = "0.6.26"
source = "registry+https://github.com/rust-lang/crates.io-index"
checksum = "49b3de9ec5dc0a3417da371aab17d729997c15010e7fd24ff707773a33bddb64"

[[package]]
name = "serde"
version = "1.0.99"
source = "registry+https://github.com/rust-lang/crates.io-index"
checksum = "fec2851eb56d010dc9a21b89ca53ee75e6528bab60c11e89d38390904982da9f"
dependencies = [
 "serde_derive",
]

[[package]]
name = "serde_derive"
version = "1.0.99"
source = "registry+https://github.com/rust-lang/crates.io-index"
checksum = "cb4dc18c61206b08dc98216c98faa0232f4337e1e1b8574551d5bad29ea1b425"
dependencies = [
 "proc-macro2",
 "quote",
 "syn",
]

[[package]]
name = "strsim"
version = "0.9.2"
source = "registry+https://github.com/rust-lang/crates.io-index"
checksum = "032c03039aae92b350aad2e3779c352e104d919cb192ba2fabbd7b831ce4f0f6"

[[package]]
name = "syn"
version = "1.0.5"
source = "registry+https://github.com/rust-lang/crates.io-index"
checksum = "66850e97125af79138385e9b88339cbcd037e3f28ceab8c5ad98e64f0f1f80bf"
dependencies = [
 "proc-macro2",
 "quote",
 "unicode-xid",
]

[[package]]
name = "unicode-xid"
version = "0.2.0"
source = "registry+https://github.com/rust-lang/crates.io-index"
checksum = "826e7639553986605ec5979c7dd957c7895e93eabed50ab2ffa7f6128a75097c"
